// !$*UTF8*$!
{
	archiveVersion = 1;
	classes = {
	};
	objectVersion = 46;
	objects = {

/* Begin PBXBuildFile section */
		6D0CC0101D8C381600C1835C /* main.m in Sources */ = {isa = PBXBuildFile; fileRef = 6D0CC00F1D8C381600C1835C /* main.m */; };
		6D0CC0131D8C381600C1835C /* AppDelegate.m in Sources */ = {isa = PBXBuildFile; fileRef = 6D0CC0121D8C381600C1835C /* AppDelegate.m */; };
		6D0CC01B1D8C381600C1835C /* Assets.xcassets in Resources */ = {isa = PBXBuildFile; fileRef = 6D0CC01A1D8C381600C1835C /* Assets.xcassets */; };
		6D0CC01E1D8C381600C1835C /* LaunchScreen.storyboard in Resources */ = {isa = PBXBuildFile; fileRef = 6D0CC01C1D8C381600C1835C /* LaunchScreen.storyboard */; };
		6D0CC0361D8C401000C1835C /* ActivityDataManager.m in Sources */ = {isa = PBXBuildFile; fileRef = 6D0CC0351D8C401000C1835C /* ActivityDataManager.m */; };
		6D0CC0441D8C40EF00C1835C /* ActivityViewController.m in Sources */ = {isa = PBXBuildFile; fileRef = 6D0CC0411D8C40EF00C1835C /* ActivityViewController.m */; };
		6D0CC0451D8C40EF00C1835C /* ActivityViewController.xib in Resources */ = {isa = PBXBuildFile; fileRef = 6D0CC0421D8C40EF00C1835C /* ActivityViewController.xib */; };
		6D0CC04C1D8C413B00C1835C /* Activity.m in Sources */ = {isa = PBXBuildFile; fileRef = 6D0CC04B1D8C413B00C1835C /* Activity.m */; };
		6D0CC0511D8C418700C1835C /* ActivityTableViewCell.m in Sources */ = {isa = PBXBuildFile; fileRef = 6D0CC04F1D8C418700C1835C /* ActivityTableViewCell.m */; };
		6D0CC0521D8C418700C1835C /* ActivityTableViewCell.xib in Resources */ = {isa = PBXBuildFile; fileRef = 6D0CC0501D8C418700C1835C /* ActivityTableViewCell.xib */; };
		6D3A7B191D8D613800590FCC /* MotionTracker.xcdatamodeld in Sources */ = {isa = PBXBuildFile; fileRef = 6D3A7B171D8D613800590FCC /* MotionTracker.xcdatamodeld */; };
/* End PBXBuildFile section */

/* Begin PBXFileReference section */
		6D0CC00B1D8C381600C1835C /* MotionTracker.app */ = {isa = PBXFileReference; explicitFileType = wrapper.application; includeInIndex = 0; path = MotionTracker.app; sourceTree = BUILT_PRODUCTS_DIR; };
		6D0CC00F1D8C381600C1835C /* main.m */ = {isa = PBXFileReference; lastKnownFileType = sourcecode.c.objc; path = main.m; sourceTree = "<group>"; };
		6D0CC0111D8C381600C1835C /* AppDelegate.h */ = {isa = PBXFileReference; lastKnownFileType = sourcecode.c.h; path = AppDelegate.h; sourceTree = "<group>"; };
		6D0CC0121D8C381600C1835C /* AppDelegate.m */ = {isa = PBXFileReference; lastKnownFileType = sourcecode.c.objc; path = AppDelegate.m; sourceTree = "<group>"; };
		6D0CC01A1D8C381600C1835C /* Assets.xcassets */ = {isa = PBXFileReference; lastKnownFileType = folder.assetcatalog; path = Assets.xcassets; sourceTree = "<group>"; };
		6D0CC01D1D8C381600C1835C /* Base */ = {isa = PBXFileReference; lastKnownFileType = file.storyboard; name = Base; path = Base.lproj/LaunchScreen.storyboard; sourceTree = "<group>"; };
		6D0CC01F1D8C381600C1835C /* Info.plist */ = {isa = PBXFileReference; lastKnownFileType = text.plist.xml; path = Info.plist; sourceTree = "<group>"; };
		6D0CC0341D8C401000C1835C /* ActivityDataManager.h */ = {isa = PBXFileReference; fileEncoding = 4; lastKnownFileType = sourcecode.c.h; path = ActivityDataManager.h; sourceTree = "<group>"; };
		6D0CC0351D8C401000C1835C /* ActivityDataManager.m */ = {isa = PBXFileReference; fileEncoding = 4; lastKnownFileType = sourcecode.c.objc; path = ActivityDataManager.m; sourceTree = "<group>"; };
		6D0CC0401D8C40EF00C1835C /* ActivityViewController.h */ = {isa = PBXFileReference; fileEncoding = 4; lastKnownFileType = sourcecode.c.h; path = ActivityViewController.h; sourceTree = "<group>"; };
		6D0CC0411D8C40EF00C1835C /* ActivityViewController.m */ = {isa = PBXFileReference; fileEncoding = 4; lastKnownFileType = sourcecode.c.objc; path = ActivityViewController.m; sourceTree = "<group>"; };
		6D0CC0421D8C40EF00C1835C /* ActivityViewController.xib */ = {isa = PBXFileReference; fileEncoding = 4; lastKnownFileType = file.xib; path = ActivityViewController.xib; sourceTree = "<group>"; };
		6D0CC04A1D8C413B00C1835C /* Activity.h */ = {isa = PBXFileReference; fileEncoding = 4; lastKnownFileType = sourcecode.c.h; path = Activity.h; sourceTree = "<group>"; };
		6D0CC04B1D8C413B00C1835C /* Activity.m */ = {isa = PBXFileReference; fileEncoding = 4; lastKnownFileType = sourcecode.c.objc; path = Activity.m; sourceTree = "<group>"; };
		6D0CC04E1D8C418700C1835C /* ActivityTableViewCell.h */ = {isa = PBXFileReference; fileEncoding = 4; lastKnownFileType = sourcecode.c.h; path = ActivityTableViewCell.h; sourceTree = "<group>"; };
		6D0CC04F1D8C418700C1835C /* ActivityTableViewCell.m */ = {isa = PBXFileReference; fileEncoding = 4; lastKnownFileType = sourcecode.c.objc; path = ActivityTableViewCell.m; sourceTree = "<group>"; };
		6D0CC0501D8C418700C1835C /* ActivityTableViewCell.xib */ = {isa = PBXFileReference; fileEncoding = 4; lastKnownFileType = file.xib; path = ActivityTableViewCell.xib; sourceTree = "<group>"; };
		6D3A7B181D8D613800590FCC /* MotionTracker.xcdatamodel */ = {isa = PBXFileReference; lastKnownFileType = wrapper.xcdatamodel; path = MotionTracker.xcdatamodel; sourceTree = "<group>"; };
/* End PBXFileReference section */

/* Begin PBXFrameworksBuildPhase section */
		6D0CC0081D8C381600C1835C /* Frameworks */ = {
			isa = PBXFrameworksBuildPhase;
			buildActionMask = 2147483647;
			files = (
			);
			runOnlyForDeploymentPostprocessing = 0;
		};
/* End PBXFrameworksBuildPhase section */

/* Begin PBXGroup section */
		6D0CC0021D8C381600C1835C = {
			isa = PBXGroup;
			children = (
				6D0CC00D1D8C381600C1835C /* MotionTracker */,
				6D0CC00C1D8C381600C1835C /* Products */,
			);
			sourceTree = "<group>";
		};
		6D0CC00C1D8C381600C1835C /* Products */ = {
			isa = PBXGroup;
			children = (
				6D0CC00B1D8C381600C1835C /* MotionTracker.app */,
			);
			name = Products;
			sourceTree = "<group>";
		};
		6D0CC00D1D8C381600C1835C /* MotionTracker */ = {
			isa = PBXGroup;
			children = (
				6D3A7B161D8D613800590FCC /* CoreData */,
				6D0CC04D1D8C418700C1835C /* Views */,
				6D0CC0491D8C413B00C1835C /* Models */,
				6D0CC03F1D8C40EF00C1835C /* ViewControllers */,
				6D0CC0331D8C401000C1835C /* Managers */,
				6D0CC0111D8C381600C1835C /* AppDelegate.h */,
				6D0CC0121D8C381600C1835C /* AppDelegate.m */,
				6D0CC01A1D8C381600C1835C /* Assets.xcassets */,
				6D0CC00E1D8C381600C1835C /* Supporting Files */,
			);
			path = MotionTracker;
			sourceTree = "<group>";
		};
		6D0CC00E1D8C381600C1835C /* Supporting Files */ = {
			isa = PBXGroup;
			children = (
				6D0CC01C1D8C381600C1835C /* LaunchScreen.storyboard */,
				6D0CC01F1D8C381600C1835C /* Info.plist */,
				6D0CC00F1D8C381600C1835C /* main.m */,
			);
			name = "Supporting Files";
			sourceTree = "<group>";
		};
		6D0CC0331D8C401000C1835C /* Managers */ = {
			isa = PBXGroup;
			children = (
				6D0CC0341D8C401000C1835C /* ActivityDataManager.h */,
				6D0CC0351D8C401000C1835C /* ActivityDataManager.m */,
			);
			path = Managers;
			sourceTree = "<group>";
		};
		6D0CC03F1D8C40EF00C1835C /* ViewControllers */ = {
			isa = PBXGroup;
			children = (
				6D0CC0401D8C40EF00C1835C /* ActivityViewController.h */,
				6D0CC0411D8C40EF00C1835C /* ActivityViewController.m */,
				6D0CC0421D8C40EF00C1835C /* ActivityViewController.xib */,
			);
			path = ViewControllers;
			sourceTree = "<group>";
		};
		6D0CC0491D8C413B00C1835C /* Models */ = {
			isa = PBXGroup;
			children = (
				6D0CC04A1D8C413B00C1835C /* Activity.h */,
				6D0CC04B1D8C413B00C1835C /* Activity.m */,
			);
			path = Models;
			sourceTree = "<group>";
		};
		6D0CC04D1D8C418700C1835C /* Views */ = {
			isa = PBXGroup;
			children = (
				6D0CC04E1D8C418700C1835C /* ActivityTableViewCell.h */,
				6D0CC04F1D8C418700C1835C /* ActivityTableViewCell.m */,
				6D0CC0501D8C418700C1835C /* ActivityTableViewCell.xib */,
			);
			path = Views;
			sourceTree = "<group>";
		};
		6D3A7B161D8D613800590FCC /* CoreData */ = {
			isa = PBXGroup;
			children = (
				6D3A7B171D8D613800590FCC /* MotionTracker.xcdatamodeld */,
			);
			path = CoreData;
			sourceTree = "<group>";
		};
/* End PBXGroup section */

/* Begin PBXNativeTarget section */
		6D0CC00A1D8C381600C1835C /* MotionTracker */ = {
			isa = PBXNativeTarget;
			buildConfigurationList = 6D0CC0221D8C381600C1835C /* Build configuration list for PBXNativeTarget "MotionTracker" */;
			buildPhases = (
				6D0CC0071D8C381600C1835C /* Sources */,
				6D0CC0081D8C381600C1835C /* Frameworks */,
				6D0CC0091D8C381600C1835C /* Resources */,
			);
			buildRules = (
			);
			dependencies = (
			);
			name = MotionTracker;
			productName = MotionTracker;
			productReference = 6D0CC00B1D8C381600C1835C /* MotionTracker.app */;
			productType = "com.apple.product-type.application";
		};
/* End PBXNativeTarget section */

/* Begin PBXProject section */
		6D0CC0031D8C381600C1835C /* Project object */ = {
			isa = PBXProject;
			attributes = {
				LastUpgradeCheck = 0800;
				ORGANIZATIONNAME = "Maxim Makhun";
				TargetAttributes = {
					6D0CC00A1D8C381600C1835C = {
						CreatedOnToolsVersion = 8.0;
						DevelopmentTeam = P4RNZKZ54K;
						ProvisioningStyle = Automatic;
					};
				};
			};
			buildConfigurationList = 6D0CC0061D8C381600C1835C /* Build configuration list for PBXProject "MotionTracker" */;
			compatibilityVersion = "Xcode 3.2";
			developmentRegion = English;
			hasScannedForEncodings = 0;
			knownRegions = (
				en,
				Base,
			);
			mainGroup = 6D0CC0021D8C381600C1835C;
			productRefGroup = 6D0CC00C1D8C381600C1835C /* Products */;
			projectDirPath = "";
			projectRoot = "";
			targets = (
				6D0CC00A1D8C381600C1835C /* MotionTracker */,
			);
		};
/* End PBXProject section */

/* Begin PBXResourcesBuildPhase section */
		6D0CC0091D8C381600C1835C /* Resources */ = {
			isa = PBXResourcesBuildPhase;
			buildActionMask = 2147483647;
			files = (
				6D0CC0451D8C40EF00C1835C /* ActivityViewController.xib in Resources */,
				6D0CC01E1D8C381600C1835C /* LaunchScreen.storyboard in Resources */,
				6D0CC0521D8C418700C1835C /* ActivityTableViewCell.xib in Resources */,
				6D0CC01B1D8C381600C1835C /* Assets.xcassets in Resources */,
			);
			runOnlyForDeploymentPostprocessing = 0;
		};
/* End PBXResourcesBuildPhase section */

/* Begin PBXSourcesBuildPhase section */
		6D0CC0071D8C381600C1835C /* Sources */ = {
			isa = PBXSourcesBuildPhase;
			buildActionMask = 2147483647;
			files = (
				6D0CC0131D8C381600C1835C /* AppDelegate.m in Sources */,
				6D0CC0361D8C401000C1835C /* ActivityDataManager.m in Sources */,
				6D0CC0101D8C381600C1835C /* main.m in Sources */,
				6D0CC04C1D8C413B00C1835C /* Activity.m in Sources */,
				6D0CC0511D8C418700C1835C /* ActivityTableViewCell.m in Sources */,
				6D3A7B191D8D613800590FCC /* MotionTracker.xcdatamodeld in Sources */,
				6D0CC0441D8C40EF00C1835C /* ActivityViewController.m in Sources */,
			);
			runOnlyForDeploymentPostprocessing = 0;
		};
/* End PBXSourcesBuildPhase section */

/* Begin PBXVariantGroup section */
		6D0CC01C1D8C381600C1835C /* LaunchScreen.storyboard */ = {
			isa = PBXVariantGroup;
			children = (
				6D0CC01D1D8C381600C1835C /* Base */,
			);
			name = LaunchScreen.storyboard;
			sourceTree = "<group>";
		};
/* End PBXVariantGroup section */

/* Begin XCBuildConfiguration section */
		6D0CC0201D8C381600C1835C /* Debug */ = {
			isa = XCBuildConfiguration;
			buildSettings = {
				ALWAYS_SEARCH_USER_PATHS = NO;
				CLANG_ANALYZER_NONNULL = YES;
				CLANG_CXX_LANGUAGE_STANDARD = "gnu++0x";
				CLANG_CXX_LIBRARY = "libc++";
				CLANG_ENABLE_MODULES = YES;
				CLANG_ENABLE_OBJC_ARC = YES;
				CLANG_WARN_BOOL_CONVERSION = YES;
				CLANG_WARN_CONSTANT_CONVERSION = YES;
				CLANG_WARN_DIRECT_OBJC_ISA_USAGE = YES_ERROR;
				CLANG_WARN_DOCUMENTATION_COMMENTS = YES;
				CLANG_WARN_EMPTY_BODY = YES;
				CLANG_WARN_ENUM_CONVERSION = YES;
				CLANG_WARN_INFINITE_RECURSION = YES;
				CLANG_WARN_INT_CONVERSION = YES;
				CLANG_WARN_OBJC_ROOT_CLASS = YES_ERROR;
				CLANG_WARN_SUSPICIOUS_MOVES = YES;
				CLANG_WARN_UNREACHABLE_CODE = YES;
				CLANG_WARN__DUPLICATE_METHOD_MATCH = YES;
				"CODE_SIGN_IDENTITY[sdk=iphoneos*]" = "iPhone Developer";
				COPY_PHASE_STRIP = NO;
				DEBUG_INFORMATION_FORMAT = dwarf;
				ENABLE_STRICT_OBJC_MSGSEND = YES;
				ENABLE_TESTABILITY = YES;
				GCC_C_LANGUAGE_STANDARD = gnu99;
				GCC_DYNAMIC_NO_PIC = NO;
				GCC_NO_COMMON_BLOCKS = YES;
				GCC_OPTIMIZATION_LEVEL = 0;
				GCC_PREPROCESSOR_DEFINITIONS = (
					"DEBUG=1",
					"$(inherited)",
				);
				GCC_WARN_64_TO_32_BIT_CONVERSION = YES;
				GCC_WARN_ABOUT_RETURN_TYPE = YES_ERROR;
				GCC_WARN_UNDECLARED_SELECTOR = YES;
				GCC_WARN_UNINITIALIZED_AUTOS = YES_AGGRESSIVE;
				GCC_WARN_UNUSED_FUNCTION = YES;
				GCC_WARN_UNUSED_VARIABLE = YES;
				IPHONEOS_DEPLOYMENT_TARGET = 9.0;
				MTL_ENABLE_DEBUG_INFO = YES;
				ONLY_ACTIVE_ARCH = YES;
				SDKROOT = iphoneos;
				TARGETED_DEVICE_FAMILY = "1,2";
			};
			name = Debug;
		};
		6D0CC0211D8C381600C1835C /* Release */ = {
			isa = XCBuildConfiguration;
			buildSettings = {
				ALWAYS_SEARCH_USER_PATHS = NO;
				CLANG_ANALYZER_NONNULL = YES;
				CLANG_CXX_LANGUAGE_STANDARD = "gnu++0x";
				CLANG_CXX_LIBRARY = "libc++";
				CLANG_ENABLE_MODULES = YES;
				CLANG_ENABLE_OBJC_ARC = YES;
				CLANG_WARN_BOOL_CONVERSION = YES;
				CLANG_WARN_CONSTANT_CONVERSION = YES;
				CLANG_WARN_DIRECT_OBJC_ISA_USAGE = YES_ERROR;
				CLANG_WARN_DOCUMENTATION_COMMENTS = YES;
				CLANG_WARN_EMPTY_BODY = YES;
				CLANG_WARN_ENUM_CONVERSION = YES;
				CLANG_WARN_INFINITE_RECURSION = YES;
				CLANG_WARN_INT_CONVERSION = YES;
				CLANG_WARN_OBJC_ROOT_CLASS = YES_ERROR;
				CLANG_WARN_SUSPICIOUS_MOVES = YES;
				CLANG_WARN_UNREACHABLE_CODE = YES;
				CLANG_WARN__DUPLICATE_METHOD_MATCH = YES;
				"CODE_SIGN_IDENTITY[sdk=iphoneos*]" = "iPhone Developer";
				COPY_PHASE_STRIP = NO;
				DEBUG_INFORMATION_FORMAT = "dwarf-with-dsym";
				ENABLE_NS_ASSERTIONS = NO;
				ENABLE_STRICT_OBJC_MSGSEND = YES;
				GCC_C_LANGUAGE_STANDARD = gnu99;
				GCC_NO_COMMON_BLOCKS = YES;
				GCC_WARN_64_TO_32_BIT_CONVERSION = YES;
				GCC_WARN_ABOUT_RETURN_TYPE = YES_ERROR;
				GCC_WARN_UNDECLARED_SELECTOR = YES;
				GCC_WARN_UNINITIALIZED_AUTOS = YES_AGGRESSIVE;
				GCC_WARN_UNUSED_FUNCTION = YES;
				GCC_WARN_UNUSED_VARIABLE = YES;
				IPHONEOS_DEPLOYMENT_TARGET = 9.0;
				MTL_ENABLE_DEBUG_INFO = NO;
				SDKROOT = iphoneos;
				TARGETED_DEVICE_FAMILY = "1,2";
				VALIDATE_PRODUCT = YES;
			};
			name = Release;
		};
		6D0CC0231D8C381600C1835C /* Debug */ = {
			isa = XCBuildConfiguration;
			buildSettings = {
				ASSETCATALOG_COMPILER_APPICON_NAME = AppIcon;
				"CODE_SIGN_IDENTITY[sdk=iphoneos*]" = "iPhone Developer";
				DEVELOPMENT_TEAM = P4RNZKZ54K;
				INFOPLIST_FILE = MotionTracker/Info.plist;
				LD_RUNPATH_SEARCH_PATHS = "$(inherited) @executable_path/Frameworks";
				PRODUCT_BUNDLE_IDENTIFIER = com.makhun.MotionTracker;
				PRODUCT_NAME = "$(TARGET_NAME)";
			};
			name = Debug;
		};
		6D0CC0241D8C381600C1835C /* Release */ = {
			isa = XCBuildConfiguration;
			buildSettings = {
				ASSETCATALOG_COMPILER_APPICON_NAME = AppIcon;
				"CODE_SIGN_IDENTITY[sdk=iphoneos*]" = "iPhone Developer";
				DEVELOPMENT_TEAM = P4RNZKZ54K;
				INFOPLIST_FILE = MotionTracker/Info.plist;
				LD_RUNPATH_SEARCH_PATHS = "$(inherited) @executable_path/Frameworks";
				PRODUCT_BUNDLE_IDENTIFIER = com.makhun.MotionTracker;
				PRODUCT_NAME = "$(TARGET_NAME)";
			};
			name = Release;
		};
/* End XCBuildConfiguration section */

/* Begin XCConfigurationList section */
		6D0CC0061D8C381600C1835C /* Build configuration list for PBXProject "MotionTracker" */ = {
			isa = XCConfigurationList;
			buildConfigurations = (
				6D0CC0201D8C381600C1835C /* Debug */,
				6D0CC0211D8C381600C1835C /* Release */,
			);
			defaultConfigurationIsVisible = 0;
			defaultConfigurationName = Release;
		};
		6D0CC0221D8C381600C1835C /* Build configuration list for PBXNativeTarget "MotionTracker" */ = {
			isa = XCConfigurationList;
			buildConfigurations = (
				6D0CC0231D8C381600C1835C /* Debug */,
				6D0CC0241D8C381600C1835C /* Release */,
			);
			defaultConfigurationIsVisible = 0;
			defaultConfigurationName = Release;
		};
/* End XCConfigurationList section */

/* Begin XCVersionGroup section */
		6D3A7B171D8D613800590FCC /* MotionTracker.xcdatamodeld */ = {
			isa = XCVersionGroup;
			children = (
				6D3A7B181D8D613800590FCC /* MotionTracker.xcdatamodel */,
			);
			currentVersion = 6D3A7B181D8D613800590FCC /* MotionTracker.xcdatamodel */;
			path = MotionTracker.xcdatamodeld;
			sourceTree = "<group>";
			versionGroupType = wrapper.xcdatamodel;
		};
/* End XCVersionGroup section */
	};
	rootObject = 6D0CC0031D8C381600C1835C /* Project object */;
}
